{
  "name": "frontend",
  "version": "0.1.0",
  "lockfileVersion": 1,
  "requires": true,
  "dependencies": {
    "@popperjs/core": {
      "version": "2.9.2",
      "resolved": "https://registry.npmjs.org/@popperjs/core/-/core-2.9.2.tgz",
      "integrity": "sha512-VZMYa7+fXHdwIq1TDhSXoVmSPEGM/aa+6Aiq3nVVJ9bXr24zScr+NlKFKC3iPljA7ho/GAZr+d2jOf5GIRC30Q==",
      "dev": true
    },
    "@types/bootstrap": {
      "version": "5.0.14",
      "resolved": "https://registry.npmjs.org/@types/bootstrap/-/bootstrap-5.0.14.tgz",
      "integrity": "sha512-ENqS4wPcWG1LBNHwrWt9pIe8mNW86iM1tu7qd1b2KPtMcD6zgrdfuWfTfPzxkc/MgL0UFKiR0WP8hVy9SzSuKw==",
      "dev": true,
      "requires": {
        "@popperjs/core": "^2.9.2",
        "@types/jquery": "*"
      }
    },
    "@types/jquery": {
      "version": "3.5.5",
      "resolved": "https://registry.npmjs.org/@types/jquery/-/jquery-3.5.5.tgz",
      "integrity": "sha512-6RXU9Xzpc6vxNrS6FPPapN1SxSHgQ336WC6Jj/N8q30OiaBZ00l1GBgeP7usjVZPivSkGUfL1z/WW6TX989M+w==",
      "dev": true,
      "requires": {
        "@types/sizzle": "*"
      }
    },
    "@types/node": {
      "version": "12.20.12",
      "resolved": "https://registry.npmjs.org/@types/node/-/node-12.20.12.tgz",
      "integrity": "sha512-KQZ1al2hKOONAs2MFv+yTQP1LkDWMrRJ9YCVRalXltOfXsBmH5IownLxQaiq0lnAHwAViLnh2aTYqrPcRGEbgg=="
    },
    "@types/sizzle": {
      "version": "2.3.3",
      "resolved": "https://registry.npmjs.org/@types/sizzle/-/sizzle-2.3.3.tgz",
      "integrity": "sha512-JYM8x9EGF163bEyhdJBpR2QX1R5naCJHC8ucJylJ3w9/CVBaskdQ8WqBf8MmQrd1kRvp/a4TS8HJ+bxzR7ZJYQ==",
      "dev": true
    }
  }
}
